<?xml version="1.0" encoding="utf-8"?>
<Project ToolsVersion="4.0" xmlns="http://schemas.microsoft.com/developer/msbuild/2003">
  <ItemGroup>
    <Filter Include="Source Files">
      <UniqueIdentifier>{4FC737F1-C7A5-4376-A066-2A32D752A2FF}</UniqueIdentifier>
      <Extensions>cpp;c;cc;cxx;c++;cppm;ixx;def;odl;idl;hpj;bat;asm;asmx</Extensions>
    </Filter>
    <Filter Include="Header Files">
      <UniqueIdentifier>{93995380-89BD-4b04-88EB-625FBE52EBFB}</UniqueIdentifier>
      <Extensions>h;hh;hpp;hxx;h++;hm;inl;inc;ipp;xsd</Extensions>
    </Filter>
    <Filter Include="Resource Files">
      <UniqueIdentifier>{67DA6AB6-F800-4c08-8B7A-83BB121AAD01}</UniqueIdentifier>
      <Extensions>rc;ico;cur;bmp;dlg;rc2;rct;bin;rgs;gif;jpg;jpeg;jpe;resx;tiff;tif;png;wav;mfcribbon-ms</Extensions>
    </Filter>
    <Filter Include="Header Files\Profile">
      <UniqueIdentifier>{3abaa1cf-4305-4ea3-88ca-28ba903ec879}</UniqueIdentifier>
    </Filter>
    <Filter Include="Source Files\Profile">
      <UniqueIdentifier>{c33b1d05-e4dd-4f0b-be6e-a1f954b0b1ee}</UniqueIdentifier>
    </Filter>
    <Filter Include="Source Files\Windows">
      <UniqueIdentifier>{4c5fef98-8d22-4a7c-84c4-0510ff18d482}</UniqueIdentifier>
    </Filter>
    <Filter Include="Header Files\Windows">
      <UniqueIdentifier>{40ae7fe0-a844-4cb3-8811-3ad134bf9a8b}</UniqueIdentifier>
    </Filter>
    <Filter Include="Header Files\Quizz">
      <UniqueIdentifier>{fd342e02-7fa6-4054-9950-4452c78bde16}</UniqueIdentifier>
    </Filter>
    <Filter Include="Source Files\Quizz">
      <UniqueIdentifier>{2baf3574-fd05-4995-964d-ea6440d0eb4f}</UniqueIdentifier>
    </Filter>
    <Filter Include="Header Files\Quizz components">
      <UniqueIdentifier>{0cffb622-9644-4451-9561-e722ad9946eb}</UniqueIdentifier>
    </Filter>
    <Filter Include="Source Files\Quizz Components">
      <UniqueIdentifier>{3e1601c9-17e8-45da-8d3b-16f34093745c}</UniqueIdentifier>
    </Filter>
    <Filter Include="Header Files\Quizz\DC quizes">
      <UniqueIdentifier>{1f816652-74e1-4f0f-a5f4-bde980475d8a}</UniqueIdentifier>
    </Filter>
    <Filter Include="Source Files\Quizz\DC quizes">
      <UniqueIdentifier>{33095b53-7bde-4ef7-9ac9-c68ecc734055}</UniqueIdentifier>
    </Filter>
  </ItemGroup>
  <ItemGroup>
    <ClInclude Include="Quinzz.h">
      <Filter>Header Files</Filter>
    </ClInclude>
    <ClInclude Include="framework.h">
      <Filter>Header Files</Filter>
    </ClInclude>
    <ClInclude Include="targetver.h">
      <Filter>Header Files</Filter>
    </ClInclude>
    <ClInclude Include="Resource.h">
      <Filter>Header Files</Filter>
    </ClInclude>
    <ClInclude Include="pch.h">
      <Filter>Header Files</Filter>
    </ClInclude>
    <ClInclude Include="Profile.h">
      <Filter>Header Files\Profile</Filter>
    </ClInclude>
    <ClInclude Include="Quizz.h">
      <Filter>Header Files\Quizz</Filter>
    </ClInclude>
    <ClInclude Include="NewTestDlg.h">
      <Filter>Header Files\Windows</Filter>
    </ClInclude>
    <ClInclude Include="Owner.h">
      <Filter>Header Files\Profile</Filter>
    </ClInclude>
    <ClInclude Include="QuestionEditor.h">
      <Filter>Header Files\Windows</Filter>
    </ClInclude>
    <ClInclude Include="DashboardDlg.h">
      <Filter>Header Files\Windows</Filter>
    </ClInclude>
    <ClInclude Include="Answer.h">
      <Filter>Header Files\Quizz components</Filter>
    </ClInclude>
    <ClInclude Include="Question.h">
      <Filter>Header Files\Quizz components</Filter>
    </ClInclude>
    <ClInclude Include="DataCollectionQuizz.h">
      <Filter>Header Files\Quizz</Filter>
    </ClInclude>
    <ClInclude Include="SimpleQuizz.h">
      <Filter>Header Files\Quizz</Filter>
    </ClInclude>
    <ClInclude Include="AgeQuizz.h">
      <Filter>Header Files\Quizz\DC quizes</Filter>
    </ClInclude>
    <ClInclude Include="QuinzzDlg.h">
      <Filter>Header Files\Windows</Filter>
    </ClInclude>
    <ClInclude Include="MainDashboard.h">
      <Filter>Header Files\Windows</Filter>
    </ClInclude>
    <ClInclude Include="newQuizD.h">
      <Filter>Header Files</Filter>
    </ClInclude>
    <ClInclude Include="GenderQuizz.h">
      <Filter>Header Files\Quizz\DC quizes</Filter>
    </ClInclude>
    <ClInclude Include="runQuizzDlgMain.h">
      <Filter>Header Files</Filter>
    </ClInclude>
  </ItemGroup>
  <ItemGroup>
    <ClCompile Include="pch.cpp">
      <Filter>Source Files</Filter>
    </ClCompile>
    <ClCompile Include="Profile.cpp">
      <Filter>Source Files\Profile</Filter>
    </ClCompile>
    <ClCompile Include="NewTestDlg.cpp">
      <Filter>Source Files\Windows</Filter>
    </ClCompile>
    <ClCompile Include="Quizz.cpp">
      <Filter>Source Files\Quizz</Filter>
    </ClCompile>
    <ClCompile Include="Owner.cpp">
      <Filter>Source Files\Profile</Filter>
    </ClCompile>
    <ClCompile Include="QuestionEditor.cpp">
      <Filter>Source Files\Windows</Filter>
    </ClCompile>
    <ClCompile Include="DashboardDlg.cpp">
      <Filter>Source Files\Windows</Filter>
    </ClCompile>
    <ClCompile Include="Answer.cpp">
      <Filter>Source Files\Quizz Components</Filter>
    </ClCompile>
    <ClCompile Include="Question.cpp">
      <Filter>Source Files\Quizz Components</Filter>
    </ClCompile>
    <ClCompile Include="Quinzz.cpp">
      <Filter>Source Files</Filter>
    </ClCompile>
    <ClCompile Include="SimpleQuizz.cpp">
      <Filter>Source Files\Quizz</Filter>
    </ClCompile>
    <ClCompile Include="DataCollectionQuizz.cpp">
      <Filter>Source Files\Quizz</Filter>
    </ClCompile>
    <ClCompile Include="AgeQuizz.cpp">
      <Filter>Source Files\Quizz\DC quizes</Filter>
    </ClCompile>
    <ClCompile Include="QuinzzDlg.cpp">
      <Filter>Source Files\Windows</Filter>
    </ClCompile>
    <ClCompile Include="MainDashboard.cpp">
      <Filter>Source Files\Windows</Filter>
    </ClCompile>
    <ClCompile Include="GenderQuizz.cpp">
      <Filter>Source Files\Quizz\DC quizes</Filter>
    </ClCompile>
    <ClCompile Include="newQuizD.cpp">
      <Filter>Source Files\Windows</Filter>
    </ClCompile>
    <ClCompile Include="runQuizzDlgMain.cpp">
      <Filter>Source Files\Windows</Filter>
    </ClCompile>
  </ItemGroup>
  <ItemGroup>
    <ResourceCompile Include="Quinzz.rc">
      <Filter>Resource Files</Filter>
    </ResourceCompile>
  </ItemGroup>
  <ItemGroup>
    <None Include="res\Quinzz.rc2">
      <Filter>Resource Files</Filter>
    </None>
    <None Include="resource.hm">
      <Filter>Header Files</Filter>
    </None>
  </ItemGroup>
  <ItemGroup>
    <Image Include="res\Quinzz.ico">
      <Filter>Resource Files</Filter>
    </Image>
  </ItemGroup>
</Project>