<?xml version="1.0" encoding="utf-8"?>
<Project ToolsVersion="4.0" xmlns="http://schemas.microsoft.com/developer/msbuild/2003">
  <ItemGroup>
    <Filter Include="Source Files">
      <UniqueIdentifier>{4FC737F1-C7A5-4376-A066-2A32D752A2FF}</UniqueIdentifier>
      <Extensions>cpp;c;cc;cxx;c++;cppm;ixx;def;odl;idl;hpj;bat;asm;asmx</Extensions>
    </Filter>
    <Filter Include="Header Files">
      <UniqueIdentifier>{93995380-89BD-4b04-88EB-625FBE52EBFB}</UniqueIdentifier>
      <Extensions>h;hh;hpp;hxx;h++;hm;inl;inc;ipp;xsd</Extensions>
    </Filter>
    <Filter Include="Resource Files">
      <UniqueIdentifier>{67DA6AB6-F800-4c08-8B7A-83BB121AAD01}</UniqueIdentifier>
      <Extensions>rc;ico;cur;bmp;dlg;rc2;rct;bin;rgs;gif;jpg;jpeg;jpe;resx;tiff;tif;png;wav;mfcribbon-ms</Extensions>
    </Filter>
  </ItemGroup>
  <ItemGroup>
    <ClInclude Include="Quinzz.h">
      <Filter>Header Files</Filter>
    </ClInclude>
    <ClInclude Include="QuinzzDlg.h">
      <Filter>Header Files</Filter>
    </ClInclude>
    <ClInclude Include="framework.h">
      <Filter>Header Files</Filter>
    </ClInclude>
    <ClInclude Include="targetver.h">
      <Filter>Header Files</Filter>
    </ClInclude>
    <ClInclude Include="Resource.h">
      <Filter>Header Files</Filter>
    </ClInclude>
    <ClInclude Include="pch.h">
      <Filter>Header Files</Filter>
    </ClInclude>
    <ClInclude Include="Profile.h">
      <Filter>Header Files</Filter>
    </ClInclude>
    <ClInclude Include="P_Age.h">
      <Filter>Header Files</Filter>
    </ClInclude>
    <ClInclude Include="P_Age_Gender.h">
      <Filter>Header Files</Filter>
    </ClInclude>
    <ClInclude Include="P_Age_Gender_Location.h">
      <Filter>Header Files</Filter>
    </ClInclude>
    <ClInclude Include="location_b.h">
      <Filter>Header Files</Filter>
    </ClInclude>
    <ClInclude Include="age_b.h">
      <Filter>Header Files</Filter>
    </ClInclude>
    <ClInclude Include="gender_b.h">
      <Filter>Header Files</Filter>
    </ClInclude>
    <ClInclude Include="P_Age_Location.h">
      <Filter>Header Files</Filter>
    </ClInclude>
    <ClInclude Include="P_Gender.h">
      <Filter>Header Files</Filter>
    </ClInclude>
    <ClInclude Include="P_Gender_Location.h">
      <Filter>Header Files</Filter>
    </ClInclude>
    <ClInclude Include="P_Location.h">
      <Filter>Header Files</Filter>
    </ClInclude>
  </ItemGroup>
  <ItemGroup>
    <ClCompile Include="Quinzz.cpp">
      <Filter>Source Files</Filter>
    </ClCompile>
    <ClCompile Include="QuinzzDlg.cpp">
      <Filter>Source Files</Filter>
    </ClCompile>
    <ClCompile Include="pch.cpp">
      <Filter>Source Files</Filter>
    </ClCompile>
    <ClCompile Include="Profile.cpp">
      <Filter>Source Files</Filter>
    </ClCompile>
    <ClCompile Include="P_Age.cpp">
      <Filter>Source Files</Filter>
    </ClCompile>
    <ClCompile Include="P_Age_Gender.cpp">
      <Filter>Source Files</Filter>
    </ClCompile>
    <ClCompile Include="P_Age_Gender_Location.cpp">
      <Filter>Source Files</Filter>
    </ClCompile>
    <ClCompile Include="location_b.cpp">
      <Filter>Source Files</Filter>
    </ClCompile>
    <ClCompile Include="age_b.cpp">
      <Filter>Source Files</Filter>
    </ClCompile>
    <ClCompile Include="gender_b.cpp">
      <Filter>Source Files</Filter>
    </ClCompile>
    <ClCompile Include="P_Age_Location.cpp">
      <Filter>Source Files</Filter>
    </ClCompile>
    <ClCompile Include="P_Gender.cpp">
      <Filter>Source Files</Filter>
    </ClCompile>
    <ClCompile Include="P_Gender_Location.cpp">
      <Filter>Source Files</Filter>
    </ClCompile>
    <ClCompile Include="P_Location.cpp">
      <Filter>Source Files</Filter>
    </ClCompile>
  </ItemGroup>
  <ItemGroup>
    <ResourceCompile Include="Quinzz.rc">
      <Filter>Resource Files</Filter>
    </ResourceCompile>
  </ItemGroup>
  <ItemGroup>
    <None Include="res\Quinzz.rc2">
      <Filter>Resource Files</Filter>
    </None>
  </ItemGroup>
  <ItemGroup>
    <Image Include="res\Quinzz.ico">
      <Filter>Resource Files</Filter>
    </Image>
  </ItemGroup>
</Project>